
Microsoft Visual Studio Solution File, Format Version 12.00
# Visual Studio Version 16
VisualStudioVersion = 16.0.30309.148
MinimumVisualStudioVersion = 10.0.40219.1
Project("{FAE04EC0-301F-11D3-BF4B-00C04F79EFBC}") = "Task 6", "Task 6\Task 6.csproj", "{1BAD2385-39F8-4CFC-923A-85C375B4523C}"
EndProject
Project("{FAE04EC0-301F-11D3-BF4B-00C04F79EFBC}") = "Task 1", "Task 1\Task 1.csproj", "{29C9E4D9-A59F-42DC-8447-F7AC2355F6F5}"
EndProject
Global
	GlobalSection(SolutionConfigurationPlatforms) = preSolution
		Debug|Any CPU = Debug|Any CPU
		Release|Any CPU = Release|Any CPU
	EndGlobalSection
	GlobalSection(ProjectConfigurationPlatforms) = postSolution
		{1BAD2385-39F8-4CFC-923A-85C375B4523C}.Debug|Any CPU.ActiveCfg = Debug|Any CPU
		{1BAD2385-39F8-4CFC-923A-85C375B4523C}.Debug|Any CPU.Build.0 = Debug|Any CPU
		{1BAD2385-39F8-4CFC-923A-85C375B4523C}.Release|Any CPU.ActiveCfg = Release|Any CPU
		{1BAD2385-39F8-4CFC-923A-85C375B4523C}.Release|Any CPU.Build.0 = Release|Any CPU
		{29C9E4D9-A59F-42DC-8447-F7AC2355F6F5}.Debug|Any CPU.ActiveCfg = Debug|Any CPU
		{29C9E4D9-A59F-42DC-8447-F7AC2355F6F5}.Debug|Any CPU.Build.0 = Debug|Any CPU
		{29C9E4D9-A59F-42DC-8447-F7AC2355F6F5}.Release|Any CPU.ActiveCfg = Release|Any CPU
		{29C9E4D9-A59F-42DC-8447-F7AC2355F6F5}.Release|Any CPU.Build.0 = Release|Any CPU
	EndGlobalSection
	GlobalSection(SolutionProperties) = preSolution
		HideSolutionNode = FALSE
	EndGlobalSection
	GlobalSection(ExtensibilityGlobals) = postSolution
		SolutionGuid = {83CA46E2-2536-4DCF-82FC-35B16698E8CB}
	EndGlobalSection
EndGlobal
