
Microsoft Visual Studio Solution File, Format Version 12.00
# Visual Studio Version 16
VisualStudioVersion = 16.0.31019.35
MinimumVisualStudioVersion = 10.0.40219.1
Project("{FAE04EC0-301F-11D3-BF4B-00C04F79EFBC}") = "Zadachka", "Zadachka\Zadachka.csproj", "{39F00EDB-7099-47F2-ABDC-33E810A6F535}"
EndProject
Global
	GlobalSection(SolutionConfigurationPlatforms) = preSolution
		Debug|Any CPU = Debug|Any CPU
		Release|Any CPU = Release|Any CPU
	EndGlobalSection
	GlobalSection(ProjectConfigurationPlatforms) = postSolution
		{39F00EDB-7099-47F2-ABDC-33E810A6F535}.Debug|Any CPU.ActiveCfg = Debug|Any CPU
		{39F00EDB-7099-47F2-ABDC-33E810A6F535}.Debug|Any CPU.Build.0 = Debug|Any CPU
		{39F00EDB-7099-47F2-ABDC-33E810A6F535}.Release|Any CPU.ActiveCfg = Release|Any CPU
		{39F00EDB-7099-47F2-ABDC-33E810A6F535}.Release|Any CPU.Build.0 = Release|Any CPU
	EndGlobalSection
	GlobalSection(SolutionProperties) = preSolution
		HideSolutionNode = FALSE
	EndGlobalSection
	GlobalSection(ExtensibilityGlobals) = postSolution
		SolutionGuid = {FBE2721F-5C31-4F67-865E-377F2A069611}
	EndGlobalSection
EndGlobal
