
Microsoft Visual Studio Solution File, Format Version 12.00
# Visual Studio Version 16
VisualStudioVersion = 16.0.30309.148
MinimumVisualStudioVersion = 10.0.40219.1
Project("{FAE04EC0-301F-11D3-BF4B-00C04F79EFBC}") = "Task01", "Task01\Task01.csproj", "{BEB259E4-FEA7-454B-98EB-19C9A216D221}"
EndProject
Project("{FAE04EC0-301F-11D3-BF4B-00C04F79EFBC}") = "Task02", "Task02\Task02.csproj", "{A11A4EC2-EACB-471A-9236-6482BBB54459}"
EndProject
Project("{FAE04EC0-301F-11D3-BF4B-00C04F79EFBC}") = "ASCIIDecoder", "ASCIIDecoder\ASCIIDecoder.csproj", "{7768DE88-A7B1-45B4-AA10-357800AD96C0}"
EndProject
Project("{FAE04EC0-301F-11D3-BF4B-00C04F79EFBC}") = "Task04", "Task04\Task04.csproj", "{1E99A8A3-698E-4DA8-9CC9-0930778DD56D}"
EndProject
Project("{FAE04EC0-301F-11D3-BF4B-00C04F79EFBC}") = "Task05", "Task05\Task05.csproj", "{0FD47705-764F-4AE4-AA4D-0937C4D0F45F}"
EndProject
Global
	GlobalSection(SolutionConfigurationPlatforms) = preSolution
		Debug|Any CPU = Debug|Any CPU
		Release|Any CPU = Release|Any CPU
	EndGlobalSection
	GlobalSection(ProjectConfigurationPlatforms) = postSolution
		{BEB259E4-FEA7-454B-98EB-19C9A216D221}.Debug|Any CPU.ActiveCfg = Debug|Any CPU
		{BEB259E4-FEA7-454B-98EB-19C9A216D221}.Debug|Any CPU.Build.0 = Debug|Any CPU
		{BEB259E4-FEA7-454B-98EB-19C9A216D221}.Release|Any CPU.ActiveCfg = Release|Any CPU
		{BEB259E4-FEA7-454B-98EB-19C9A216D221}.Release|Any CPU.Build.0 = Release|Any CPU
		{A11A4EC2-EACB-471A-9236-6482BBB54459}.Debug|Any CPU.ActiveCfg = Debug|Any CPU
		{A11A4EC2-EACB-471A-9236-6482BBB54459}.Debug|Any CPU.Build.0 = Debug|Any CPU
		{A11A4EC2-EACB-471A-9236-6482BBB54459}.Release|Any CPU.ActiveCfg = Release|Any CPU
		{A11A4EC2-EACB-471A-9236-6482BBB54459}.Release|Any CPU.Build.0 = Release|Any CPU
		{7768DE88-A7B1-45B4-AA10-357800AD96C0}.Debug|Any CPU.ActiveCfg = Debug|Any CPU
		{7768DE88-A7B1-45B4-AA10-357800AD96C0}.Debug|Any CPU.Build.0 = Debug|Any CPU
		{7768DE88-A7B1-45B4-AA10-357800AD96C0}.Release|Any CPU.ActiveCfg = Release|Any CPU
		{7768DE88-A7B1-45B4-AA10-357800AD96C0}.Release|Any CPU.Build.0 = Release|Any CPU
		{1E99A8A3-698E-4DA8-9CC9-0930778DD56D}.Debug|Any CPU.ActiveCfg = Debug|Any CPU
		{1E99A8A3-698E-4DA8-9CC9-0930778DD56D}.Debug|Any CPU.Build.0 = Debug|Any CPU
		{1E99A8A3-698E-4DA8-9CC9-0930778DD56D}.Release|Any CPU.ActiveCfg = Release|Any CPU
		{1E99A8A3-698E-4DA8-9CC9-0930778DD56D}.Release|Any CPU.Build.0 = Release|Any CPU
		{0FD47705-764F-4AE4-AA4D-0937C4D0F45F}.Debug|Any CPU.ActiveCfg = Debug|Any CPU
		{0FD47705-764F-4AE4-AA4D-0937C4D0F45F}.Debug|Any CPU.Build.0 = Debug|Any CPU
		{0FD47705-764F-4AE4-AA4D-0937C4D0F45F}.Release|Any CPU.ActiveCfg = Release|Any CPU
		{0FD47705-764F-4AE4-AA4D-0937C4D0F45F}.Release|Any CPU.Build.0 = Release|Any CPU
	EndGlobalSection
	GlobalSection(SolutionProperties) = preSolution
		HideSolutionNode = FALSE
	EndGlobalSection
	GlobalSection(ExtensibilityGlobals) = postSolution
		SolutionGuid = {C998702E-C19B-477C-BCD0-57356A956F1E}
	EndGlobalSection
EndGlobal
