
Microsoft Visual Studio Solution File, Format Version 12.00
# Visual Studio Version 16
VisualStudioVersion = 16.0.30309.148
MinimumVisualStudioVersion = 10.0.40219.1
Project("{2150E333-8FDC-42A3-9474-1A3956D46DE8}") = "Task 02", "Task 02", "{F5479B66-82F8-46E3-87FB-3148D5B32EB1}"
EndProject
Project("{9A19103F-16F7-4668-BE54-9A1E7A4F7556}") = "Task 02", "Task 02\Task 02.csproj", "{CD4BBFF1-4166-461C-882F-F867137DAC59}"
EndProject
Project("{9A19103F-16F7-4668-BE54-9A1E7A4F7556}") = "Figures", "Task 02\Figures\Figures.csproj", "{784E2AB1-4971-46FD-8FD8-AC08FF8E4F5F}"
EndProject
Project("{2150E333-8FDC-42A3-9474-1A3956D46DE8}") = "Task 03", "Task 03", "{A701A5DF-2942-4C74-8CF5-C4DF9BB3D112}"
EndProject
Project("{9A19103F-16F7-4668-BE54-9A1E7A4F7556}") = "Organization", "Task 03\Organization\Organization.csproj", "{AFBFC5EA-2C9A-49ED-A5CC-462299AA7946}"
EndProject
Project("{9A19103F-16F7-4668-BE54-9A1E7A4F7556}") = "Task 01.1", "Task 01\Task 01.1\Task 01.1.csproj", "{67E96C41-E124-4043-9A4C-2C2BA098F8EF}"
EndProject
Project("{9A19103F-16F7-4668-BE54-9A1E7A4F7556}") = "Task 01.2", "Task 01\Task 01.2\Task 01.2.csproj", "{C0B9243A-B2F0-4361-9952-969F020C80CC}"
EndProject
Project("{2150E333-8FDC-42A3-9474-1A3956D46DE8}") = "Task 01", "Task 01", "{CE5A714B-14B1-423F-B459-04C5214DB432}"
EndProject
Project("{9A19103F-16F7-4668-BE54-9A1E7A4F7556}") = "Task", "Task 03\Task\Task.csproj", "{C48B8124-828F-4071-9DE3-6DEF1F194BCE}"
EndProject
Global
	GlobalSection(SolutionConfigurationPlatforms) = preSolution
		Debug|Any CPU = Debug|Any CPU
		Release|Any CPU = Release|Any CPU
	EndGlobalSection
	GlobalSection(ProjectConfigurationPlatforms) = postSolution
		{CD4BBFF1-4166-461C-882F-F867137DAC59}.Debug|Any CPU.ActiveCfg = Debug|Any CPU
		{CD4BBFF1-4166-461C-882F-F867137DAC59}.Debug|Any CPU.Build.0 = Debug|Any CPU
		{CD4BBFF1-4166-461C-882F-F867137DAC59}.Release|Any CPU.ActiveCfg = Release|Any CPU
		{CD4BBFF1-4166-461C-882F-F867137DAC59}.Release|Any CPU.Build.0 = Release|Any CPU
		{784E2AB1-4971-46FD-8FD8-AC08FF8E4F5F}.Debug|Any CPU.ActiveCfg = Debug|Any CPU
		{784E2AB1-4971-46FD-8FD8-AC08FF8E4F5F}.Debug|Any CPU.Build.0 = Debug|Any CPU
		{784E2AB1-4971-46FD-8FD8-AC08FF8E4F5F}.Release|Any CPU.ActiveCfg = Release|Any CPU
		{784E2AB1-4971-46FD-8FD8-AC08FF8E4F5F}.Release|Any CPU.Build.0 = Release|Any CPU
		{AFBFC5EA-2C9A-49ED-A5CC-462299AA7946}.Debug|Any CPU.ActiveCfg = Debug|Any CPU
		{AFBFC5EA-2C9A-49ED-A5CC-462299AA7946}.Debug|Any CPU.Build.0 = Debug|Any CPU
		{AFBFC5EA-2C9A-49ED-A5CC-462299AA7946}.Release|Any CPU.ActiveCfg = Release|Any CPU
		{AFBFC5EA-2C9A-49ED-A5CC-462299AA7946}.Release|Any CPU.Build.0 = Release|Any CPU
		{67E96C41-E124-4043-9A4C-2C2BA098F8EF}.Debug|Any CPU.ActiveCfg = Debug|Any CPU
		{67E96C41-E124-4043-9A4C-2C2BA098F8EF}.Debug|Any CPU.Build.0 = Debug|Any CPU
		{67E96C41-E124-4043-9A4C-2C2BA098F8EF}.Release|Any CPU.ActiveCfg = Release|Any CPU
		{67E96C41-E124-4043-9A4C-2C2BA098F8EF}.Release|Any CPU.Build.0 = Release|Any CPU
		{C0B9243A-B2F0-4361-9952-969F020C80CC}.Debug|Any CPU.ActiveCfg = Debug|Any CPU
		{C0B9243A-B2F0-4361-9952-969F020C80CC}.Debug|Any CPU.Build.0 = Debug|Any CPU
		{C0B9243A-B2F0-4361-9952-969F020C80CC}.Release|Any CPU.ActiveCfg = Release|Any CPU
		{C0B9243A-B2F0-4361-9952-969F020C80CC}.Release|Any CPU.Build.0 = Release|Any CPU
		{C48B8124-828F-4071-9DE3-6DEF1F194BCE}.Debug|Any CPU.ActiveCfg = Debug|Any CPU
		{C48B8124-828F-4071-9DE3-6DEF1F194BCE}.Debug|Any CPU.Build.0 = Debug|Any CPU
		{C48B8124-828F-4071-9DE3-6DEF1F194BCE}.Release|Any CPU.ActiveCfg = Release|Any CPU
		{C48B8124-828F-4071-9DE3-6DEF1F194BCE}.Release|Any CPU.Build.0 = Release|Any CPU
	EndGlobalSection
	GlobalSection(SolutionProperties) = preSolution
		HideSolutionNode = FALSE
	EndGlobalSection
	GlobalSection(NestedProjects) = preSolution
		{CD4BBFF1-4166-461C-882F-F867137DAC59} = {F5479B66-82F8-46E3-87FB-3148D5B32EB1}
		{784E2AB1-4971-46FD-8FD8-AC08FF8E4F5F} = {F5479B66-82F8-46E3-87FB-3148D5B32EB1}
		{AFBFC5EA-2C9A-49ED-A5CC-462299AA7946} = {A701A5DF-2942-4C74-8CF5-C4DF9BB3D112}
		{67E96C41-E124-4043-9A4C-2C2BA098F8EF} = {CE5A714B-14B1-423F-B459-04C5214DB432}
		{C0B9243A-B2F0-4361-9952-969F020C80CC} = {CE5A714B-14B1-423F-B459-04C5214DB432}
		{C48B8124-828F-4071-9DE3-6DEF1F194BCE} = {A701A5DF-2942-4C74-8CF5-C4DF9BB3D112}
	EndGlobalSection
	GlobalSection(ExtensibilityGlobals) = postSolution
		SolutionGuid = {96BD37C0-D3A3-4480-A426-2061058C57BB}
	EndGlobalSection
EndGlobal
