
Microsoft Visual Studio Solution File, Format Version 12.00
# Visual Studio Version 16
VisualStudioVersion = 16.0.30309.148
MinimumVisualStudioVersion = 10.0.40219.1
Project("{FAE04EC0-301F-11D3-BF4B-00C04F79EFBC}") = "seminar 07", "seminar 07\seminar 07.csproj", "{B048A708-50B2-47E2-98C0-37F6E66BFBD8}"
EndProject
Project("{FAE04EC0-301F-11D3-BF4B-00C04F79EFBC}") = "Task 02", "Task 02\Task 02.csproj", "{9F818DBA-80BC-4F51-9C08-5935BDF82678}"
EndProject
Project("{FAE04EC0-301F-11D3-BF4B-00C04F79EFBC}") = "Task 03", "Task 03\Task 03.csproj", "{45CD629D-94FF-4D6A-9708-561759CCE2D0}"
EndProject
Global
	GlobalSection(SolutionConfigurationPlatforms) = preSolution
		Debug|Any CPU = Debug|Any CPU
		Release|Any CPU = Release|Any CPU
	EndGlobalSection
	GlobalSection(ProjectConfigurationPlatforms) = postSolution
		{B048A708-50B2-47E2-98C0-37F6E66BFBD8}.Debug|Any CPU.ActiveCfg = Debug|Any CPU
		{B048A708-50B2-47E2-98C0-37F6E66BFBD8}.Debug|Any CPU.Build.0 = Debug|Any CPU
		{B048A708-50B2-47E2-98C0-37F6E66BFBD8}.Release|Any CPU.ActiveCfg = Release|Any CPU
		{B048A708-50B2-47E2-98C0-37F6E66BFBD8}.Release|Any CPU.Build.0 = Release|Any CPU
		{9F818DBA-80BC-4F51-9C08-5935BDF82678}.Debug|Any CPU.ActiveCfg = Debug|Any CPU
		{9F818DBA-80BC-4F51-9C08-5935BDF82678}.Debug|Any CPU.Build.0 = Debug|Any CPU
		{9F818DBA-80BC-4F51-9C08-5935BDF82678}.Release|Any CPU.ActiveCfg = Release|Any CPU
		{9F818DBA-80BC-4F51-9C08-5935BDF82678}.Release|Any CPU.Build.0 = Release|Any CPU
		{45CD629D-94FF-4D6A-9708-561759CCE2D0}.Debug|Any CPU.ActiveCfg = Debug|Any CPU
		{45CD629D-94FF-4D6A-9708-561759CCE2D0}.Debug|Any CPU.Build.0 = Debug|Any CPU
		{45CD629D-94FF-4D6A-9708-561759CCE2D0}.Release|Any CPU.ActiveCfg = Release|Any CPU
		{45CD629D-94FF-4D6A-9708-561759CCE2D0}.Release|Any CPU.Build.0 = Release|Any CPU
	EndGlobalSection
	GlobalSection(SolutionProperties) = preSolution
		HideSolutionNode = FALSE
	EndGlobalSection
	GlobalSection(ExtensibilityGlobals) = postSolution
		SolutionGuid = {6A229FD3-2BDA-4935-81BB-E4136EF281F9}
	EndGlobalSection
EndGlobal
