
Microsoft Visual Studio Solution File, Format Version 12.00
# Visual Studio Version 16
VisualStudioVersion = 16.0.30309.148
MinimumVisualStudioVersion = 10.0.40219.1
Project("{9A19103F-16F7-4668-BE54-9A1E7A4F7556}") = "Task 10", "Task 10\Task 10.csproj", "{8346E0EB-830D-44F7-B80E-D5300F4B4ED7}"
EndProject
Project("{9A19103F-16F7-4668-BE54-9A1E7A4F7556}") = "Task 11", "Task 11\Task 11.csproj", "{84F8BF2F-3476-430F-805C-999A625C3CE0}"
EndProject
Project("{9A19103F-16F7-4668-BE54-9A1E7A4F7556}") = "Task 08", "Task 08\Task 08.csproj", "{058ACC88-0B86-45B2-8486-CDD9DFA53DC4}"
EndProject
Project("{9A19103F-16F7-4668-BE54-9A1E7A4F7556}") = "Task 09", "Task 09\Task 09.csproj", "{52162F8D-843E-47DE-955C-D08158763859}"
EndProject
Global
	GlobalSection(SolutionConfigurationPlatforms) = preSolution
		Debug|Any CPU = Debug|Any CPU
		Release|Any CPU = Release|Any CPU
	EndGlobalSection
	GlobalSection(ProjectConfigurationPlatforms) = postSolution
		{8346E0EB-830D-44F7-B80E-D5300F4B4ED7}.Debug|Any CPU.ActiveCfg = Debug|Any CPU
		{8346E0EB-830D-44F7-B80E-D5300F4B4ED7}.Debug|Any CPU.Build.0 = Debug|Any CPU
		{8346E0EB-830D-44F7-B80E-D5300F4B4ED7}.Release|Any CPU.ActiveCfg = Release|Any CPU
		{8346E0EB-830D-44F7-B80E-D5300F4B4ED7}.Release|Any CPU.Build.0 = Release|Any CPU
		{84F8BF2F-3476-430F-805C-999A625C3CE0}.Debug|Any CPU.ActiveCfg = Debug|Any CPU
		{84F8BF2F-3476-430F-805C-999A625C3CE0}.Debug|Any CPU.Build.0 = Debug|Any CPU
		{84F8BF2F-3476-430F-805C-999A625C3CE0}.Release|Any CPU.ActiveCfg = Release|Any CPU
		{84F8BF2F-3476-430F-805C-999A625C3CE0}.Release|Any CPU.Build.0 = Release|Any CPU
		{058ACC88-0B86-45B2-8486-CDD9DFA53DC4}.Debug|Any CPU.ActiveCfg = Debug|Any CPU
		{058ACC88-0B86-45B2-8486-CDD9DFA53DC4}.Debug|Any CPU.Build.0 = Debug|Any CPU
		{058ACC88-0B86-45B2-8486-CDD9DFA53DC4}.Release|Any CPU.ActiveCfg = Release|Any CPU
		{058ACC88-0B86-45B2-8486-CDD9DFA53DC4}.Release|Any CPU.Build.0 = Release|Any CPU
		{52162F8D-843E-47DE-955C-D08158763859}.Debug|Any CPU.ActiveCfg = Debug|Any CPU
		{52162F8D-843E-47DE-955C-D08158763859}.Debug|Any CPU.Build.0 = Debug|Any CPU
		{52162F8D-843E-47DE-955C-D08158763859}.Release|Any CPU.ActiveCfg = Release|Any CPU
		{52162F8D-843E-47DE-955C-D08158763859}.Release|Any CPU.Build.0 = Release|Any CPU
	EndGlobalSection
	GlobalSection(SolutionProperties) = preSolution
		HideSolutionNode = FALSE
	EndGlobalSection
	GlobalSection(ExtensibilityGlobals) = postSolution
		SolutionGuid = {8959EDB1-0AAE-450E-B29D-CE570F7AAF93}
	EndGlobalSection
EndGlobal
