
Microsoft Visual Studio Solution File, Format Version 12.00
# Visual Studio Version 16
VisualStudioVersion = 16.0.30309.148
MinimumVisualStudioVersion = 10.0.40219.1
Project("{9A19103F-16F7-4668-BE54-9A1E7A4F7556}") = "Task 01.2", "HW_7.2\Task 01.2.csproj", "{6BA91719-B074-41C3-91D6-7B68E767C6EE}"
EndProject
Project("{9A19103F-16F7-4668-BE54-9A1E7A4F7556}") = "Task 01.3", "Task 01.3\Task 01.3.csproj", "{3CE80070-4259-432C-A4BD-80954EEEA490}"
EndProject
Project("{9A19103F-16F7-4668-BE54-9A1E7A4F7556}") = "Task 01.1", "Task 01.1\Task 01.1.csproj", "{692AD888-A04A-42A0-B9A4-61FD2B42ECB0}"
EndProject
Project("{9A19103F-16F7-4668-BE54-9A1E7A4F7556}") = "Task 03.1", "Task 02\Task 03.1.csproj", "{DDC0C8AF-6D7F-43B0-B816-FA9E4F314CB9}"
EndProject
Project("{9A19103F-16F7-4668-BE54-9A1E7A4F7556}") = "Task 02", "Task 03.1\Task 02.csproj", "{1704EB7C-8003-40C9-9F2E-E80BA97591D8}"
EndProject
Project("{FAE04EC0-301F-11D3-BF4B-00C04F79EFBC}") = "Task 03.2", "Task 03.2\Task 03.2.csproj", "{B999AD28-AB28-4DEF-9ACF-990228154585}"
EndProject
Project("{FAE04EC0-301F-11D3-BF4B-00C04F79EFBC}") = "Task 04", "Task 04.1\Task 04.csproj", "{B384DD41-D2FE-47A1-826D-B257400AFE66}"
EndProject
Project("{FAE04EC0-301F-11D3-BF4B-00C04F79EFBC}") = "Task 05.1", "Task 05\Task 05.1.csproj", "{26C66A6A-1416-4A5D-BD5F-CC86DEC1C61D}"
EndProject
Project("{FAE04EC0-301F-11D3-BF4B-00C04F79EFBC}") = "Task 05.2", "Task 05.2\Task 05.2.csproj", "{B4AD160F-F9E8-444B-BA75-F2D85BBB3540}"
EndProject
Project("{FAE04EC0-301F-11D3-BF4B-00C04F79EFBC}") = "Task 05.3", "Task 05.3\Task 05.3.csproj", "{DF827570-DC2D-4953-8D2F-9122FF8503D1}"
EndProject
Project("{FAE04EC0-301F-11D3-BF4B-00C04F79EFBC}") = "Task 05.4", "Task 05.4\Task 05.4.csproj", "{03C5FB2D-9C0D-42A8-91CA-343AA0C45DD1}"
EndProject
Project("{FAE04EC0-301F-11D3-BF4B-00C04F79EFBC}") = "Task 06", "Task 06\Task 06.csproj", "{9C39663A-30F7-4EE0-A885-12C80459D7D7}"
EndProject
Global
	GlobalSection(SolutionConfigurationPlatforms) = preSolution
		Debug|Any CPU = Debug|Any CPU
		Release|Any CPU = Release|Any CPU
	EndGlobalSection
	GlobalSection(ProjectConfigurationPlatforms) = postSolution
		{6BA91719-B074-41C3-91D6-7B68E767C6EE}.Debug|Any CPU.ActiveCfg = Debug|Any CPU
		{6BA91719-B074-41C3-91D6-7B68E767C6EE}.Debug|Any CPU.Build.0 = Debug|Any CPU
		{6BA91719-B074-41C3-91D6-7B68E767C6EE}.Release|Any CPU.ActiveCfg = Release|Any CPU
		{6BA91719-B074-41C3-91D6-7B68E767C6EE}.Release|Any CPU.Build.0 = Release|Any CPU
		{3CE80070-4259-432C-A4BD-80954EEEA490}.Debug|Any CPU.ActiveCfg = Debug|Any CPU
		{3CE80070-4259-432C-A4BD-80954EEEA490}.Debug|Any CPU.Build.0 = Debug|Any CPU
		{3CE80070-4259-432C-A4BD-80954EEEA490}.Release|Any CPU.ActiveCfg = Release|Any CPU
		{3CE80070-4259-432C-A4BD-80954EEEA490}.Release|Any CPU.Build.0 = Release|Any CPU
		{692AD888-A04A-42A0-B9A4-61FD2B42ECB0}.Debug|Any CPU.ActiveCfg = Debug|Any CPU
		{692AD888-A04A-42A0-B9A4-61FD2B42ECB0}.Debug|Any CPU.Build.0 = Debug|Any CPU
		{692AD888-A04A-42A0-B9A4-61FD2B42ECB0}.Release|Any CPU.ActiveCfg = Release|Any CPU
		{692AD888-A04A-42A0-B9A4-61FD2B42ECB0}.Release|Any CPU.Build.0 = Release|Any CPU
		{DDC0C8AF-6D7F-43B0-B816-FA9E4F314CB9}.Debug|Any CPU.ActiveCfg = Debug|Any CPU
		{DDC0C8AF-6D7F-43B0-B816-FA9E4F314CB9}.Debug|Any CPU.Build.0 = Debug|Any CPU
		{DDC0C8AF-6D7F-43B0-B816-FA9E4F314CB9}.Release|Any CPU.ActiveCfg = Release|Any CPU
		{DDC0C8AF-6D7F-43B0-B816-FA9E4F314CB9}.Release|Any CPU.Build.0 = Release|Any CPU
		{1704EB7C-8003-40C9-9F2E-E80BA97591D8}.Debug|Any CPU.ActiveCfg = Debug|Any CPU
		{1704EB7C-8003-40C9-9F2E-E80BA97591D8}.Debug|Any CPU.Build.0 = Debug|Any CPU
		{1704EB7C-8003-40C9-9F2E-E80BA97591D8}.Release|Any CPU.ActiveCfg = Release|Any CPU
		{1704EB7C-8003-40C9-9F2E-E80BA97591D8}.Release|Any CPU.Build.0 = Release|Any CPU
		{B999AD28-AB28-4DEF-9ACF-990228154585}.Debug|Any CPU.ActiveCfg = Debug|Any CPU
		{B999AD28-AB28-4DEF-9ACF-990228154585}.Debug|Any CPU.Build.0 = Debug|Any CPU
		{B999AD28-AB28-4DEF-9ACF-990228154585}.Release|Any CPU.ActiveCfg = Release|Any CPU
		{B999AD28-AB28-4DEF-9ACF-990228154585}.Release|Any CPU.Build.0 = Release|Any CPU
		{B384DD41-D2FE-47A1-826D-B257400AFE66}.Debug|Any CPU.ActiveCfg = Debug|Any CPU
		{B384DD41-D2FE-47A1-826D-B257400AFE66}.Debug|Any CPU.Build.0 = Debug|Any CPU
		{B384DD41-D2FE-47A1-826D-B257400AFE66}.Release|Any CPU.ActiveCfg = Release|Any CPU
		{B384DD41-D2FE-47A1-826D-B257400AFE66}.Release|Any CPU.Build.0 = Release|Any CPU
		{26C66A6A-1416-4A5D-BD5F-CC86DEC1C61D}.Debug|Any CPU.ActiveCfg = Debug|Any CPU
		{26C66A6A-1416-4A5D-BD5F-CC86DEC1C61D}.Debug|Any CPU.Build.0 = Debug|Any CPU
		{26C66A6A-1416-4A5D-BD5F-CC86DEC1C61D}.Release|Any CPU.ActiveCfg = Release|Any CPU
		{26C66A6A-1416-4A5D-BD5F-CC86DEC1C61D}.Release|Any CPU.Build.0 = Release|Any CPU
		{B4AD160F-F9E8-444B-BA75-F2D85BBB3540}.Debug|Any CPU.ActiveCfg = Debug|Any CPU
		{B4AD160F-F9E8-444B-BA75-F2D85BBB3540}.Debug|Any CPU.Build.0 = Debug|Any CPU
		{B4AD160F-F9E8-444B-BA75-F2D85BBB3540}.Release|Any CPU.ActiveCfg = Release|Any CPU
		{B4AD160F-F9E8-444B-BA75-F2D85BBB3540}.Release|Any CPU.Build.0 = Release|Any CPU
		{DF827570-DC2D-4953-8D2F-9122FF8503D1}.Debug|Any CPU.ActiveCfg = Debug|Any CPU
		{DF827570-DC2D-4953-8D2F-9122FF8503D1}.Debug|Any CPU.Build.0 = Debug|Any CPU
		{DF827570-DC2D-4953-8D2F-9122FF8503D1}.Release|Any CPU.ActiveCfg = Release|Any CPU
		{DF827570-DC2D-4953-8D2F-9122FF8503D1}.Release|Any CPU.Build.0 = Release|Any CPU
		{03C5FB2D-9C0D-42A8-91CA-343AA0C45DD1}.Debug|Any CPU.ActiveCfg = Debug|Any CPU
		{03C5FB2D-9C0D-42A8-91CA-343AA0C45DD1}.Debug|Any CPU.Build.0 = Debug|Any CPU
		{03C5FB2D-9C0D-42A8-91CA-343AA0C45DD1}.Release|Any CPU.ActiveCfg = Release|Any CPU
		{03C5FB2D-9C0D-42A8-91CA-343AA0C45DD1}.Release|Any CPU.Build.0 = Release|Any CPU
		{9C39663A-30F7-4EE0-A885-12C80459D7D7}.Debug|Any CPU.ActiveCfg = Debug|Any CPU
		{9C39663A-30F7-4EE0-A885-12C80459D7D7}.Debug|Any CPU.Build.0 = Debug|Any CPU
		{9C39663A-30F7-4EE0-A885-12C80459D7D7}.Release|Any CPU.ActiveCfg = Release|Any CPU
		{9C39663A-30F7-4EE0-A885-12C80459D7D7}.Release|Any CPU.Build.0 = Release|Any CPU
	EndGlobalSection
	GlobalSection(SolutionProperties) = preSolution
		HideSolutionNode = FALSE
	EndGlobalSection
	GlobalSection(ExtensibilityGlobals) = postSolution
		SolutionGuid = {081D30D4-29D4-4528-AF74-726C7D49B489}
	EndGlobalSection
EndGlobal
