
Microsoft Visual Studio Solution File, Format Version 12.00
# Visual Studio Version 16
VisualStudioVersion = 16.0.30309.148
MinimumVisualStudioVersion = 10.0.40219.1
Project("{FAE04EC0-301F-11D3-BF4B-00C04F79EFBC}") = "seminar 06", "seminar 06\seminar 06.csproj", "{A668482A-7DBD-46ED-8B33-3617BB533EAE}"
EndProject
Project("{FAE04EC0-301F-11D3-BF4B-00C04F79EFBC}") = "ConsoleApp1", "ConsoleApp1\ConsoleApp1.csproj", "{BEFF8211-EC1D-4E7E-B46C-66941FEC92C4}"
EndProject
Project("{FAE04EC0-301F-11D3-BF4B-00C04F79EFBC}") = "ConsoleApp2", "ConsoleApp2\ConsoleApp2.csproj", "{4D866355-065E-41F7-9F02-CBA70E46DC37}"
EndProject
Project("{FAE04EC0-301F-11D3-BF4B-00C04F79EFBC}") = "ConsoleApp3", "ConsoleApp3\ConsoleApp3.csproj", "{B8EA47B5-27E7-4CCD-9794-EA352BD59A72}"
EndProject
Project("{FAE04EC0-301F-11D3-BF4B-00C04F79EFBC}") = "ConsoleApp4", "ConsoleApp4\ConsoleApp4.csproj", "{AE2CD17C-8516-4948-929E-E04C520F9DDD}"
EndProject
Global
	GlobalSection(SolutionConfigurationPlatforms) = preSolution
		Debug|Any CPU = Debug|Any CPU
		Release|Any CPU = Release|Any CPU
	EndGlobalSection
	GlobalSection(ProjectConfigurationPlatforms) = postSolution
		{A668482A-7DBD-46ED-8B33-3617BB533EAE}.Debug|Any CPU.ActiveCfg = Debug|Any CPU
		{A668482A-7DBD-46ED-8B33-3617BB533EAE}.Debug|Any CPU.Build.0 = Debug|Any CPU
		{A668482A-7DBD-46ED-8B33-3617BB533EAE}.Release|Any CPU.ActiveCfg = Release|Any CPU
		{A668482A-7DBD-46ED-8B33-3617BB533EAE}.Release|Any CPU.Build.0 = Release|Any CPU
		{BEFF8211-EC1D-4E7E-B46C-66941FEC92C4}.Debug|Any CPU.ActiveCfg = Debug|Any CPU
		{BEFF8211-EC1D-4E7E-B46C-66941FEC92C4}.Debug|Any CPU.Build.0 = Debug|Any CPU
		{BEFF8211-EC1D-4E7E-B46C-66941FEC92C4}.Release|Any CPU.ActiveCfg = Release|Any CPU
		{BEFF8211-EC1D-4E7E-B46C-66941FEC92C4}.Release|Any CPU.Build.0 = Release|Any CPU
		{4D866355-065E-41F7-9F02-CBA70E46DC37}.Debug|Any CPU.ActiveCfg = Debug|Any CPU
		{4D866355-065E-41F7-9F02-CBA70E46DC37}.Debug|Any CPU.Build.0 = Debug|Any CPU
		{4D866355-065E-41F7-9F02-CBA70E46DC37}.Release|Any CPU.ActiveCfg = Release|Any CPU
		{4D866355-065E-41F7-9F02-CBA70E46DC37}.Release|Any CPU.Build.0 = Release|Any CPU
		{B8EA47B5-27E7-4CCD-9794-EA352BD59A72}.Debug|Any CPU.ActiveCfg = Debug|Any CPU
		{B8EA47B5-27E7-4CCD-9794-EA352BD59A72}.Debug|Any CPU.Build.0 = Debug|Any CPU
		{B8EA47B5-27E7-4CCD-9794-EA352BD59A72}.Release|Any CPU.ActiveCfg = Release|Any CPU
		{B8EA47B5-27E7-4CCD-9794-EA352BD59A72}.Release|Any CPU.Build.0 = Release|Any CPU
		{AE2CD17C-8516-4948-929E-E04C520F9DDD}.Debug|Any CPU.ActiveCfg = Debug|Any CPU
		{AE2CD17C-8516-4948-929E-E04C520F9DDD}.Debug|Any CPU.Build.0 = Debug|Any CPU
		{AE2CD17C-8516-4948-929E-E04C520F9DDD}.Release|Any CPU.ActiveCfg = Release|Any CPU
		{AE2CD17C-8516-4948-929E-E04C520F9DDD}.Release|Any CPU.Build.0 = Release|Any CPU
	EndGlobalSection
	GlobalSection(SolutionProperties) = preSolution
		HideSolutionNode = FALSE
	EndGlobalSection
	GlobalSection(ExtensibilityGlobals) = postSolution
		SolutionGuid = {674F350D-6756-484C-A169-1E413606CE36}
	EndGlobalSection
EndGlobal
