
Microsoft Visual Studio Solution File, Format Version 12.00
# Visual Studio Version 16
VisualStudioVersion = 16.0.30309.148
MinimumVisualStudioVersion = 10.0.40219.1
Project("{FAE04EC0-301F-11D3-BF4B-00C04F79EFBC}") = "ConsoleApp1", "ConsoleApp1\ConsoleApp1.csproj", "{0BB561AE-02EF-4772-B9C6-F0E9551C872A}"
EndProject
Global
	GlobalSection(SolutionConfigurationPlatforms) = preSolution
		Debug|Any CPU = Debug|Any CPU
		Release|Any CPU = Release|Any CPU
	EndGlobalSection
	GlobalSection(ProjectConfigurationPlatforms) = postSolution
		{0BB561AE-02EF-4772-B9C6-F0E9551C872A}.Debug|Any CPU.ActiveCfg = Debug|Any CPU
		{0BB561AE-02EF-4772-B9C6-F0E9551C872A}.Debug|Any CPU.Build.0 = Debug|Any CPU
		{0BB561AE-02EF-4772-B9C6-F0E9551C872A}.Release|Any CPU.ActiveCfg = Release|Any CPU
		{0BB561AE-02EF-4772-B9C6-F0E9551C872A}.Release|Any CPU.Build.0 = Release|Any CPU
	EndGlobalSection
	GlobalSection(SolutionProperties) = preSolution
		HideSolutionNode = FALSE
	EndGlobalSection
	GlobalSection(ExtensibilityGlobals) = postSolution
		SolutionGuid = {C7C50402-2254-438C-8092-F04EFE3D7183}
	EndGlobalSection
EndGlobal
