
Microsoft Visual Studio Solution File, Format Version 12.00
# Visual Studio Version 16
VisualStudioVersion = 16.0.30309.148
MinimumVisualStudioVersion = 10.0.40219.1
Project("{FAE04EC0-301F-11D3-BF4B-00C04F79EFBC}") = "Task 1", "Task 1\Task 1.csproj", "{C8F363A2-00C2-434C-817C-455D37E78A63}"
EndProject
Project("{FAE04EC0-301F-11D3-BF4B-00C04F79EFBC}") = "Task 2", "Task 2\Task 2.csproj", "{D5034688-7849-4735-8CC1-7487345A80C2}"
EndProject
Project("{FAE04EC0-301F-11D3-BF4B-00C04F79EFBC}") = "MyLib", "MyLib\MyLib.csproj", "{43B6BD4E-CA80-4D6E-AB67-C44D94EA2E25}"
EndProject
Project("{FAE04EC0-301F-11D3-BF4B-00C04F79EFBC}") = "Task 3", "Task 3\Task 3.csproj", "{A9A70925-188A-4F8B-960C-1CDD87826B1E}"
EndProject
Global
	GlobalSection(SolutionConfigurationPlatforms) = preSolution
		Debug|Any CPU = Debug|Any CPU
		Release|Any CPU = Release|Any CPU
	EndGlobalSection
	GlobalSection(ProjectConfigurationPlatforms) = postSolution
		{C8F363A2-00C2-434C-817C-455D37E78A63}.Debug|Any CPU.ActiveCfg = Debug|Any CPU
		{C8F363A2-00C2-434C-817C-455D37E78A63}.Debug|Any CPU.Build.0 = Debug|Any CPU
		{C8F363A2-00C2-434C-817C-455D37E78A63}.Release|Any CPU.ActiveCfg = Release|Any CPU
		{C8F363A2-00C2-434C-817C-455D37E78A63}.Release|Any CPU.Build.0 = Release|Any CPU
		{D5034688-7849-4735-8CC1-7487345A80C2}.Debug|Any CPU.ActiveCfg = Debug|Any CPU
		{D5034688-7849-4735-8CC1-7487345A80C2}.Debug|Any CPU.Build.0 = Debug|Any CPU
		{D5034688-7849-4735-8CC1-7487345A80C2}.Release|Any CPU.ActiveCfg = Release|Any CPU
		{D5034688-7849-4735-8CC1-7487345A80C2}.Release|Any CPU.Build.0 = Release|Any CPU
		{43B6BD4E-CA80-4D6E-AB67-C44D94EA2E25}.Debug|Any CPU.ActiveCfg = Debug|Any CPU
		{43B6BD4E-CA80-4D6E-AB67-C44D94EA2E25}.Debug|Any CPU.Build.0 = Debug|Any CPU
		{43B6BD4E-CA80-4D6E-AB67-C44D94EA2E25}.Release|Any CPU.ActiveCfg = Release|Any CPU
		{43B6BD4E-CA80-4D6E-AB67-C44D94EA2E25}.Release|Any CPU.Build.0 = Release|Any CPU
		{A9A70925-188A-4F8B-960C-1CDD87826B1E}.Debug|Any CPU.ActiveCfg = Debug|Any CPU
		{A9A70925-188A-4F8B-960C-1CDD87826B1E}.Debug|Any CPU.Build.0 = Debug|Any CPU
		{A9A70925-188A-4F8B-960C-1CDD87826B1E}.Release|Any CPU.ActiveCfg = Release|Any CPU
		{A9A70925-188A-4F8B-960C-1CDD87826B1E}.Release|Any CPU.Build.0 = Release|Any CPU
	EndGlobalSection
	GlobalSection(SolutionProperties) = preSolution
		HideSolutionNode = FALSE
	EndGlobalSection
	GlobalSection(ExtensibilityGlobals) = postSolution
		SolutionGuid = {A6AF74C9-5635-43F7-8D16-ACB81111E551}
	EndGlobalSection
EndGlobal
